
Microsoft Visual Studio Solution File, Format Version 12.00
# Visual Studio Version 16
VisualStudioVersion = 16.0.32106.194
MinimumVisualStudioVersion = 10.0.40219.1
Project("{9A19103F-16F7-4668-BE54-9A1E7A4F7556}") = "Pieniądze", "Pieniądze\Pieniądze.csproj", "{FE97C0B5-414F-4800-8E8F-689B3E3268C2}"
EndProject
Project("{9A19103F-16F7-4668-BE54-9A1E7A4F7556}") = "kalkulator odległości", "kalkulator odległości\kalkulator odległości.csproj", "{FC3A59AB-2419-4900-A623-0E463C3E25A1}"
EndProject
Project("{9A19103F-16F7-4668-BE54-9A1E7A4F7556}") = "Słonie", "Słonie\Słonie.csproj", "{45292C76-891B-4D6A-92BB-BDD7FD13B7C1}"
EndProject
Project("{9A19103F-16F7-4668-BE54-9A1E7A4F7556}") = "Gra w literki", "Gra w literki\Gra w literki.csproj", "{71A90FC3-753B-440B-9FB6-08E8B05863D5}"
EndProject
Project("{9A19103F-16F7-4668-BE54-9A1E7A4F7556}") = "Planowanie przyjęcia", "Planowanie przyjęcia\Planowanie przyjęcia.csproj", "{D19BEFC9-8ABF-4940-9865-E7B3FDEF09E5}"
EndProject
Project("{9A19103F-16F7-4668-BE54-9A1E7A4F7556}") = "Hermetyzacja", "Hermetyzacja\Hermetyzacja.csproj", "{BA173156-DC82-44BE-B2E5-1ED077187CC7}"
EndProject
Project("{9A19103F-16F7-4668-BE54-9A1E7A4F7556}") = "Planowanie przyjęcia 2", "Planowanie przyjęcia 2\Planowanie przyjęcia 2.csproj", "{B1BB0BC2-D165-43E0-9650-D92DE64FA04B}"
EndProject
Project("{9A19103F-16F7-4668-BE54-9A1E7A4F7556}") = "Farmer", "Farmer\Farmer.csproj", "{72C11DA0-1BA0-4E78-B1D8-DAB0B1A3F7D9}"
EndProject
Project("{9A19103F-16F7-4668-BE54-9A1E7A4F7556}") = "Kalkulator kosztów przyjęć", "Kalkulator kosztów przyjęć\Kalkulator kosztów przyjęć.csproj", "{6A7DAB70-374B-4B17-A160-DBED6B3298C8}"
EndProject
Project("{9A19103F-16F7-4668-BE54-9A1E7A4F7556}") = "locksmith-jewelthief", "locksmith-jewelthief\locksmith-jewelthief.csproj", "{875DFFBD-A700-43B5-8E69-1FB03558A4F8}"
EndProject
Project("{9A19103F-16F7-4668-BE54-9A1E7A4F7556}") = "Zarządzanie ulem", "Zarządzanie ulem\Zarządzanie ulem.csproj", "{2BAE35A7-1605-406C-969A-909A3AB470A6}"
EndProject
Project("{9A19103F-16F7-4668-BE54-9A1E7A4F7556}") = "Pszczoły2", "Pszczoły2\Pszczoły2.csproj", "{B5417F7C-A5DA-433A-9CA6-E95EE00DFD9C}"
EndProject
Project("{9A19103F-16F7-4668-BE54-9A1E7A4F7556}") = "Planet Mission", "Planet Mission\Planet Mission.csproj", "{7A6F7579-5C52-4592-9E2C-20E8F8FFC44A}"
EndProject
Project("{9A19103F-16F7-4668-BE54-9A1E7A4F7556}") = "Karty", "Karty\Karty.csproj", "{B4E2AB9F-C3FC-4A98-94DF-9D8B34AFC9AE}"
EndProject
Project("{9A19103F-16F7-4668-BE54-9A1E7A4F7556}") = "Losowa talia kart", "Losowa talia kart\Losowa talia kart.csproj", "{A9D9FF1B-7724-48A8-A9E2-39F18904009E}"
EndProject
Project("{9A19103F-16F7-4668-BE54-9A1E7A4F7556}") = "Numery koszulek sławnych zawodników", "Numery koszulek sławnych zawodników\Numery koszulek sławnych zawodników.csproj", "{600CFEE9-2CBD-4ACA-B6C2-25AFF83BFD58}"
EndProject
Project("{9A19103F-16F7-4668-BE54-9A1E7A4F7556}") = "KursyWalut", "KursyWalut\KursyWalut.csproj", "{A61A3AE4-3693-4273-B87F-8D234C0ACB61}"
EndProject
Project("{FAE04EC0-301F-11D3-BF4B-00C04F79EFBC}") = "Interpreter BrainFuck", "Interpreter BrainFuck\Interpreter BrainFuck.csproj", "{D282034D-BEC9-4C7A-853D-97E6D73DD877}"
EndProject
Global
	GlobalSection(SolutionConfigurationPlatforms) = preSolution
		Debug|Any CPU = Debug|Any CPU
		Release|Any CPU = Release|Any CPU
	EndGlobalSection
	GlobalSection(ProjectConfigurationPlatforms) = postSolution
		{FE97C0B5-414F-4800-8E8F-689B3E3268C2}.Debug|Any CPU.ActiveCfg = Debug|Any CPU
		{FE97C0B5-414F-4800-8E8F-689B3E3268C2}.Debug|Any CPU.Build.0 = Debug|Any CPU
		{FE97C0B5-414F-4800-8E8F-689B3E3268C2}.Release|Any CPU.ActiveCfg = Release|Any CPU
		{FE97C0B5-414F-4800-8E8F-689B3E3268C2}.Release|Any CPU.Build.0 = Release|Any CPU
		{FC3A59AB-2419-4900-A623-0E463C3E25A1}.Debug|Any CPU.ActiveCfg = Debug|Any CPU
		{FC3A59AB-2419-4900-A623-0E463C3E25A1}.Debug|Any CPU.Build.0 = Debug|Any CPU
		{FC3A59AB-2419-4900-A623-0E463C3E25A1}.Release|Any CPU.ActiveCfg = Release|Any CPU
		{FC3A59AB-2419-4900-A623-0E463C3E25A1}.Release|Any CPU.Build.0 = Release|Any CPU
		{45292C76-891B-4D6A-92BB-BDD7FD13B7C1}.Debug|Any CPU.ActiveCfg = Debug|Any CPU
		{45292C76-891B-4D6A-92BB-BDD7FD13B7C1}.Debug|Any CPU.Build.0 = Debug|Any CPU
		{45292C76-891B-4D6A-92BB-BDD7FD13B7C1}.Release|Any CPU.ActiveCfg = Release|Any CPU
		{45292C76-891B-4D6A-92BB-BDD7FD13B7C1}.Release|Any CPU.Build.0 = Release|Any CPU
		{71A90FC3-753B-440B-9FB6-08E8B05863D5}.Debug|Any CPU.ActiveCfg = Debug|Any CPU
		{71A90FC3-753B-440B-9FB6-08E8B05863D5}.Debug|Any CPU.Build.0 = Debug|Any CPU
		{71A90FC3-753B-440B-9FB6-08E8B05863D5}.Release|Any CPU.ActiveCfg = Release|Any CPU
		{71A90FC3-753B-440B-9FB6-08E8B05863D5}.Release|Any CPU.Build.0 = Release|Any CPU
		{D19BEFC9-8ABF-4940-9865-E7B3FDEF09E5}.Debug|Any CPU.ActiveCfg = Debug|Any CPU
		{D19BEFC9-8ABF-4940-9865-E7B3FDEF09E5}.Debug|Any CPU.Build.0 = Debug|Any CPU
		{D19BEFC9-8ABF-4940-9865-E7B3FDEF09E5}.Release|Any CPU.ActiveCfg = Release|Any CPU
		{D19BEFC9-8ABF-4940-9865-E7B3FDEF09E5}.Release|Any CPU.Build.0 = Release|Any CPU
		{BA173156-DC82-44BE-B2E5-1ED077187CC7}.Debug|Any CPU.ActiveCfg = Debug|Any CPU
		{BA173156-DC82-44BE-B2E5-1ED077187CC7}.Debug|Any CPU.Build.0 = Debug|Any CPU
		{BA173156-DC82-44BE-B2E5-1ED077187CC7}.Release|Any CPU.ActiveCfg = Release|Any CPU
		{BA173156-DC82-44BE-B2E5-1ED077187CC7}.Release|Any CPU.Build.0 = Release|Any CPU
		{B1BB0BC2-D165-43E0-9650-D92DE64FA04B}.Debug|Any CPU.ActiveCfg = Debug|Any CPU
		{B1BB0BC2-D165-43E0-9650-D92DE64FA04B}.Debug|Any CPU.Build.0 = Debug|Any CPU
		{B1BB0BC2-D165-43E0-9650-D92DE64FA04B}.Release|Any CPU.ActiveCfg = Release|Any CPU
		{B1BB0BC2-D165-43E0-9650-D92DE64FA04B}.Release|Any CPU.Build.0 = Release|Any CPU
		{72C11DA0-1BA0-4E78-B1D8-DAB0B1A3F7D9}.Debug|Any CPU.ActiveCfg = Debug|Any CPU
		{72C11DA0-1BA0-4E78-B1D8-DAB0B1A3F7D9}.Debug|Any CPU.Build.0 = Debug|Any CPU
		{72C11DA0-1BA0-4E78-B1D8-DAB0B1A3F7D9}.Release|Any CPU.ActiveCfg = Release|Any CPU
		{72C11DA0-1BA0-4E78-B1D8-DAB0B1A3F7D9}.Release|Any CPU.Build.0 = Release|Any CPU
		{6A7DAB70-374B-4B17-A160-DBED6B3298C8}.Debug|Any CPU.ActiveCfg = Debug|Any CPU
		{6A7DAB70-374B-4B17-A160-DBED6B3298C8}.Debug|Any CPU.Build.0 = Debug|Any CPU
		{6A7DAB70-374B-4B17-A160-DBED6B3298C8}.Release|Any CPU.ActiveCfg = Release|Any CPU
		{6A7DAB70-374B-4B17-A160-DBED6B3298C8}.Release|Any CPU.Build.0 = Release|Any CPU
		{875DFFBD-A700-43B5-8E69-1FB03558A4F8}.Debug|Any CPU.ActiveCfg = Debug|Any CPU
		{875DFFBD-A700-43B5-8E69-1FB03558A4F8}.Debug|Any CPU.Build.0 = Debug|Any CPU
		{875DFFBD-A700-43B5-8E69-1FB03558A4F8}.Release|Any CPU.ActiveCfg = Release|Any CPU
		{875DFFBD-A700-43B5-8E69-1FB03558A4F8}.Release|Any CPU.Build.0 = Release|Any CPU
		{2BAE35A7-1605-406C-969A-909A3AB470A6}.Debug|Any CPU.ActiveCfg = Debug|Any CPU
		{2BAE35A7-1605-406C-969A-909A3AB470A6}.Debug|Any CPU.Build.0 = Debug|Any CPU
		{2BAE35A7-1605-406C-969A-909A3AB470A6}.Release|Any CPU.ActiveCfg = Release|Any CPU
		{2BAE35A7-1605-406C-969A-909A3AB470A6}.Release|Any CPU.Build.0 = Release|Any CPU
		{B5417F7C-A5DA-433A-9CA6-E95EE00DFD9C}.Debug|Any CPU.ActiveCfg = Debug|Any CPU
		{B5417F7C-A5DA-433A-9CA6-E95EE00DFD9C}.Debug|Any CPU.Build.0 = Debug|Any CPU
		{B5417F7C-A5DA-433A-9CA6-E95EE00DFD9C}.Release|Any CPU.ActiveCfg = Release|Any CPU
		{B5417F7C-A5DA-433A-9CA6-E95EE00DFD9C}.Release|Any CPU.Build.0 = Release|Any CPU
		{7A6F7579-5C52-4592-9E2C-20E8F8FFC44A}.Debug|Any CPU.ActiveCfg = Debug|Any CPU
		{7A6F7579-5C52-4592-9E2C-20E8F8FFC44A}.Debug|Any CPU.Build.0 = Debug|Any CPU
		{7A6F7579-5C52-4592-9E2C-20E8F8FFC44A}.Release|Any CPU.ActiveCfg = Release|Any CPU
		{7A6F7579-5C52-4592-9E2C-20E8F8FFC44A}.Release|Any CPU.Build.0 = Release|Any CPU
		{B4E2AB9F-C3FC-4A98-94DF-9D8B34AFC9AE}.Debug|Any CPU.ActiveCfg = Debug|Any CPU
		{B4E2AB9F-C3FC-4A98-94DF-9D8B34AFC9AE}.Debug|Any CPU.Build.0 = Debug|Any CPU
		{B4E2AB9F-C3FC-4A98-94DF-9D8B34AFC9AE}.Release|Any CPU.ActiveCfg = Release|Any CPU
		{B4E2AB9F-C3FC-4A98-94DF-9D8B34AFC9AE}.Release|Any CPU.Build.0 = Release|Any CPU
		{A9D9FF1B-7724-48A8-A9E2-39F18904009E}.Debug|Any CPU.ActiveCfg = Debug|Any CPU
		{A9D9FF1B-7724-48A8-A9E2-39F18904009E}.Debug|Any CPU.Build.0 = Debug|Any CPU
		{A9D9FF1B-7724-48A8-A9E2-39F18904009E}.Release|Any CPU.ActiveCfg = Release|Any CPU
		{A9D9FF1B-7724-48A8-A9E2-39F18904009E}.Release|Any CPU.Build.0 = Release|Any CPU
		{600CFEE9-2CBD-4ACA-B6C2-25AFF83BFD58}.Debug|Any CPU.ActiveCfg = Debug|Any CPU
		{600CFEE9-2CBD-4ACA-B6C2-25AFF83BFD58}.Debug|Any CPU.Build.0 = Debug|Any CPU
		{600CFEE9-2CBD-4ACA-B6C2-25AFF83BFD58}.Release|Any CPU.ActiveCfg = Release|Any CPU
		{600CFEE9-2CBD-4ACA-B6C2-25AFF83BFD58}.Release|Any CPU.Build.0 = Release|Any CPU
		{A61A3AE4-3693-4273-B87F-8D234C0ACB61}.Debug|Any CPU.ActiveCfg = Debug|Any CPU
		{A61A3AE4-3693-4273-B87F-8D234C0ACB61}.Debug|Any CPU.Build.0 = Debug|Any CPU
		{A61A3AE4-3693-4273-B87F-8D234C0ACB61}.Release|Any CPU.ActiveCfg = Release|Any CPU
		{A61A3AE4-3693-4273-B87F-8D234C0ACB61}.Release|Any CPU.Build.0 = Release|Any CPU
		{D282034D-BEC9-4C7A-853D-97E6D73DD877}.Debug|Any CPU.ActiveCfg = Debug|Any CPU
		{D282034D-BEC9-4C7A-853D-97E6D73DD877}.Debug|Any CPU.Build.0 = Debug|Any CPU
		{D282034D-BEC9-4C7A-853D-97E6D73DD877}.Release|Any CPU.ActiveCfg = Release|Any CPU
		{D282034D-BEC9-4C7A-853D-97E6D73DD877}.Release|Any CPU.Build.0 = Release|Any CPU
	EndGlobalSection
	GlobalSection(SolutionProperties) = preSolution
		HideSolutionNode = FALSE
	EndGlobalSection
	GlobalSection(ExtensibilityGlobals) = postSolution
		SolutionGuid = {EB1AD3D1-2740-4BC5-B64E-1DF4E1B5EF2E}
	EndGlobalSection
EndGlobal
