
Microsoft Visual Studio Solution File, Format Version 12.00
# Visual Studio Version 16
VisualStudioVersion = 16.0.32106.194
MinimumVisualStudioVersion = 10.0.40219.1
Project("{FAE04EC0-301F-11D3-BF4B-00C04F79EFBC}") = "Pieniądze", "Pieniądze\Pieniądze.csproj", "{FE97C0B5-414F-4800-8E8F-689B3E3268C2}"
EndProject
Global
	GlobalSection(SolutionConfigurationPlatforms) = preSolution
		Debug|Any CPU = Debug|Any CPU
		Release|Any CPU = Release|Any CPU
	EndGlobalSection
	GlobalSection(ProjectConfigurationPlatforms) = postSolution
		{FE97C0B5-414F-4800-8E8F-689B3E3268C2}.Debug|Any CPU.ActiveCfg = Debug|Any CPU
		{FE97C0B5-414F-4800-8E8F-689B3E3268C2}.Debug|Any CPU.Build.0 = Debug|Any CPU
		{FE97C0B5-414F-4800-8E8F-689B3E3268C2}.Release|Any CPU.ActiveCfg = Release|Any CPU
		{FE97C0B5-414F-4800-8E8F-689B3E3268C2}.Release|Any CPU.Build.0 = Release|Any CPU
	EndGlobalSection
	GlobalSection(SolutionProperties) = preSolution
		HideSolutionNode = FALSE
	EndGlobalSection
	GlobalSection(ExtensibilityGlobals) = postSolution
		SolutionGuid = {EB1AD3D1-2740-4BC5-B64E-1DF4E1B5EF2E}
	EndGlobalSection
EndGlobal
